
Microsoft Visual Studio Solution File, Format Version 11.00
# Visual Studio 2010
Project("{FAE04EC0-301F-11D3-BF4B-00C04F79EFBC}") = "Monza", "Assembly-CSharp.csproj", "{E2D9C171-A893-C6E3-02C8-13171A3FEA8B}"
EndProject
Project("{FAE04EC0-301F-11D3-BF4B-00C04F79EFBC}") = "Monza", "Assembly-CSharp-Editor.csproj", "{A859A41A-069C-F363-D22C-3DBF99003690}"
EndProject
Global
	GlobalSection(SolutionConfigurationPlatforms) = preSolution
		Debug|Any CPU = Debug|Any CPU
		Release|Any CPU = Release|Any CPU
	EndGlobalSection
	GlobalSection(ProjectConfigurationPlatforms) = postSolution
		{E2D9C171-A893-C6E3-02C8-13171A3FEA8B}.Debug|Any CPU.ActiveCfg = Debug|Any CPU
		{E2D9C171-A893-C6E3-02C8-13171A3FEA8B}.Debug|Any CPU.Build.0 = Debug|Any CPU
		{E2D9C171-A893-C6E3-02C8-13171A3FEA8B}.Release|Any CPU.ActiveCfg = Release|Any CPU
		{E2D9C171-A893-C6E3-02C8-13171A3FEA8B}.Release|Any CPU.Build.0 = Release|Any CPU
		{A859A41A-069C-F363-D22C-3DBF99003690}.Debug|Any CPU.ActiveCfg = Debug|Any CPU
		{A859A41A-069C-F363-D22C-3DBF99003690}.Debug|Any CPU.Build.0 = Debug|Any CPU
		{A859A41A-069C-F363-D22C-3DBF99003690}.Release|Any CPU.ActiveCfg = Release|Any CPU
		{A859A41A-069C-F363-D22C-3DBF99003690}.Release|Any CPU.Build.0 = Release|Any CPU
	EndGlobalSection
	GlobalSection(SolutionProperties) = preSolution
		HideSolutionNode = FALSE
	EndGlobalSection
	GlobalSection(MonoDevelopProperties) = preSolution
		StartupItem = Assembly-CSharp.csproj
	EndGlobalSection
EndGlobal
